
Microsoft Visual Studio Solution File, Format Version 12.00
# Visual Studio Version 17
VisualStudioVersion = 17.2.32616.157
MinimumVisualStudioVersion = 10.0.40219.1
Project("{FAE04EC0-301F-11D3-BF4B-00C04F79EFBC}") = "SEM Assignment", "SEM Assignment\SEM Assignment.csproj", "{478A5785-D44E-45F7-A465-C18633A8FB69}"
EndProject
Global
	GlobalSection(SolutionConfigurationPlatforms) = preSolution
		Debug|Any CPU = Debug|Any CPU
		Release|Any CPU = Release|Any CPU
	EndGlobalSection
	GlobalSection(ProjectConfigurationPlatforms) = postSolution
		{478A5785-D44E-45F7-A465-C18633A8FB69}.Debug|Any CPU.ActiveCfg = Debug|Any CPU
		{478A5785-D44E-45F7-A465-C18633A8FB69}.Debug|Any CPU.Build.0 = Debug|Any CPU
		{478A5785-D44E-45F7-A465-C18633A8FB69}.Release|Any CPU.ActiveCfg = Release|Any CPU
		{478A5785-D44E-45F7-A465-C18633A8FB69}.Release|Any CPU.Build.0 = Release|Any CPU
	EndGlobalSection
	GlobalSection(SolutionProperties) = preSolution
		HideSolutionNode = FALSE
	EndGlobalSection
	GlobalSection(ExtensibilityGlobals) = postSolution
		SolutionGuid = {0DBB43E2-2AC4-4DF4-BCF5-D331609DB096}
	EndGlobalSection
EndGlobal
